{
  "lockfileVersion": 1,
  "configVersion": 1,
  "workspaces": {
    "": {
      "name": "workbench",
      "devDependencies": {
        "@types/bun": "^1.4.0",
        "oxfmt": "^0.64.0",
      },
    },
  },
  "packages": {
    "@oxfmt/binding-android-arm-eabi": ["@oxfmt/binding-android-arm-eabi@0.64.0", "", { "os": "android", "cpu": "arm" }, "sha512-o6uzh/jTOQeAY5TdkAeXdqv7MBRcPxiRA08zrcBtkKj5cSu/FMu0Hl7Q6Fi1KCKyCWZ6lJVjBzdsJvsKltUsGQ=="],

    "@oxfmt/binding-android-arm64": ["@oxfmt/binding-android-arm64@0.64.0", "", { "os": "android", "cpu": "arm64" }, "sha512-jRGSUeeP7p3Gynw2YaCVtjBIA6ZxY6bEB/ES5i54OhqmRTyuVg7ZgstEtzgq6GOAJd+2QZ5pvf+bFfmW5Mp9cw=="],

    "@oxfmt/binding-darwin-arm64": ["@oxfmt/binding-darwin-arm64@0.64.0", "", { "os": "darwin", "cpu": "arm64" }, "sha512-JINwtU2lW7nOFSqi+H2qplipNUqah9Gc1jgGmB82kTD4UnZrZIVxCJ9qEmFiKfjNq27gYLFhrUb0to86aCwMjw=="],

    "@oxfmt/binding-darwin-x64": ["@oxfmt/binding-darwin-x64@0.64.0", "", { "os": "darwin", "cpu": "x64" }, "sha512-gCmuswrgrOSajV4HCRFkVCGIruPq8bjYuPYgSE2WQB3mD6XrdyZ3JMSRZCkQ8zCxOyGWriBo6QoZ5nmMHQ1BfA=="],

    "@oxfmt/binding-freebsd-x64": ["@oxfmt/binding-freebsd-x64@0.64.0", "", { "os": "freebsd", "cpu": "x64" }, "sha512-Ab8g7a38pT0MMImjh7anRSTve6buWBIlcXIFBYa5xl4s6UxEgKSc2xOOhbGtLwvXnEi2PsEDGoJh3oUU7xkehQ=="],

    "@oxfmt/binding-linux-arm-gnueabihf": ["@oxfmt/binding-linux-arm-gnueabihf@0.64.0", "", { "os": "linux", "cpu": "arm" }, "sha512-BgvS3CoQ+Xy2deoZqEN8JVKabcCZi2RxA3yant8G9OAv9KuPJ9TCjHkqigzdHUVwErZxEP5d2bzLIEyKYyBDLg=="],

    "@oxfmt/binding-linux-arm-musleabihf": ["@oxfmt/binding-linux-arm-musleabihf@0.64.0", "", { "os": "linux", "cpu": "arm" }, "sha512-QXpNxwoMj0YvnceCNZadNSden3bIcnvjn/sDp/rwZhRoZoZYGpHvtPyhGsdJz9uvT9GkaMW7SsLddurU56dt8w=="],

    "@oxfmt/binding-linux-arm64-gnu": ["@oxfmt/binding-linux-arm64-gnu@0.64.0", "", { "os": "linux", "cpu": "arm64" }, "sha512-BBgH3I1ppDsI5pZ4Pdhw0ceYxwVCfbU/bZEBCeZ6caRS9x0ZabErxubP7riGUn11PXZBhe8DYdjkDKP1FlVQ5w=="],

    "@oxfmt/binding-linux-arm64-musl": ["@oxfmt/binding-linux-arm64-musl@0.64.0", "", { "os": "linux", "cpu": "arm64" }, "sha512-v19HSjC/BGXdt26qEvKZtwAHgGmQ2Agcap2kQP+KIqoRZqivVzYth3ui2dJA1i+6/fjpjga85lIOaJJjQ/bOOw=="],

    "@oxfmt/binding-linux-ppc64-gnu": ["@oxfmt/binding-linux-ppc64-gnu@0.64.0", "", { "os": "linux", "cpu": "ppc64" }, "sha512-PElLnOo4xFTBZrxPhgTIj0eHqZXwEBQoNWtb7facUV170T0B0FRET0iNbb3LUeLWTybkUW+vsdyv4ihOdyXGyw=="],

    "@oxfmt/binding-linux-riscv64-gnu": ["@oxfmt/binding-linux-riscv64-gnu@0.64.0", "", { "os": "linux", "cpu": "none" }, "sha512-Qzsg15n4F5CH+MorcRW4MkAEMiLzXmeG+DiDSbP/bBTqCmWOH3K9DHryNrve+JHlV0txS+B6Z9P5Xz+cmWeL+g=="],

    "@oxfmt/binding-linux-riscv64-musl": ["@oxfmt/binding-linux-riscv64-musl@0.64.0", "", { "os": "linux", "cpu": "none" }, "sha512-/GZ358wnQ/Ez4UVnCcZIi56JkY0sOdZ+B108pqXKqZz3jLS59F4KEAB1Qv3fRlObrFEk+3L2vUQ/xoPx+3vjXw=="],

    "@oxfmt/binding-linux-s390x-gnu": ["@oxfmt/binding-linux-s390x-gnu@0.64.0", "", { "os": "linux", "cpu": "s390x" }, "sha512-/C9We3DXegowfLXtVCYHeNiU9azwCDr5cQkEtCVlc74vyn+lLQSPApJ1CZmxAduqeq/Oi3gQ+IVptyhCaTMtkQ=="],

    "@oxfmt/binding-linux-x64-gnu": ["@oxfmt/binding-linux-x64-gnu@0.64.0", "", { "os": "linux", "cpu": "x64" }, "sha512-91KM2CeRWscIEHlj1NsW2WSnzGeq1Ehq+39bfDowTdkn+fcvK/x4Y1RcyqT7glyBjZio0ldkeCG6Usj3v7ASog=="],

    "@oxfmt/binding-linux-x64-musl": ["@oxfmt/binding-linux-x64-musl@0.64.0", "", { "os": "linux", "cpu": "x64" }, "sha512-gw7uEk9I+7zoT1EYLra1eWArIzNcz8e3jkv+Noo2+o2T7wPvsNSQbfoa4DSfZlvn1i6mJ05RiZ4/omaXPDNhQg=="],

    "@oxfmt/binding-openharmony-arm64": ["@oxfmt/binding-openharmony-arm64@0.64.0", "", { "os": "none", "cpu": "arm64" }, "sha512-HYHFf616FHSPSO07c09mjmXBfQ73wIVM3m0txOiooa5XZkGoxFd6B14PVj0LB0DXIqJ6wAO/dDR/NX/5UUaqnw=="],

    "@oxfmt/binding-win32-arm64-msvc": ["@oxfmt/binding-win32-arm64-msvc@0.64.0", "", { "os": "win32", "cpu": "arm64" }, "sha512-uQjFp081IZSWD6VAofX2iO2z01awAdHmfC+NrieWIPKrT2hZKQDyq/U18M7ifC0sm0Wz8aHY/p6+FDYIzs/CrQ=="],

    "@oxfmt/binding-win32-ia32-msvc": ["@oxfmt/binding-win32-ia32-msvc@0.64.0", "", { "os": "win32", "cpu": "ia32" }, "sha512-lNM6byTAQ881jugzFu8juJTbNRgsUTlswMA6pJmwi1XDvmIqnnb49lcUAs5gz94fCJLrVN+/X3s3jOKqx23WIQ=="],

    "@oxfmt/binding-win32-x64-msvc": ["@oxfmt/binding-win32-x64-msvc@0.64.0", "", { "os": "win32", "cpu": "x64" }, "sha512-BtmbtL/QjMtF1a6C3CqoDluH2IfB6fJt62E+B9RFfUPtFk4Iz9PFS6+y/SzzOvSxc7aUk2Kphwg7Dh8lMbwu6g=="],

    "@types/bun": ["@types/bun@1.4.0", "", { "dependencies": { "bun-types": "1.4.0" } }, "sha512-K+lZULY23vRgK/CfTjFIV+tyifaNdSMlPh9j+6mQ/cLfpOznLyAuzgV/JQysyECpkBQLVMSyvjlr2fBUSA9wFQ=="],

    "@types/node": ["@types/node@26.2.0", "", { "dependencies": { "undici-types": "~8.3.0" } }, "sha512-5IviulTZeRNp2vAJ514cc/HUlY5nZ9fCbq9DMyC52BrhFZACo3nI0R7qBxhQmo/d27NFe96ur/b7Wwxklda+kg=="],

    "bun-types": ["bun-types@1.4.0", "", { "dependencies": { "@types/node": "*" } }, "sha512-iIKw23BspnQQYd3prITOBxeUsxBHnwzX6YJfGMuNOZzeNcMmVqzIIVGRm1l69ogaPQmb4wB6BN8mA5bE9YuC5Q=="],

    "oxfmt": ["oxfmt@0.64.0", "", { "dependencies": { "tinypool": "2.1.0" }, "optionalDependencies": { "@oxfmt/binding-android-arm-eabi": "0.64.0", "@oxfmt/binding-android-arm64": "0.64.0", "@oxfmt/binding-darwin-arm64": "0.64.0", "@oxfmt/binding-darwin-x64": "0.64.0", "@oxfmt/binding-freebsd-x64": "0.64.0", "@oxfmt/binding-linux-arm-gnueabihf": "0.64.0", "@oxfmt/binding-linux-arm-musleabihf": "0.64.0", "@oxfmt/binding-linux-arm64-gnu": "0.64.0", "@oxfmt/binding-linux-arm64-musl": "0.64.0", "@oxfmt/binding-linux-ppc64-gnu": "0.64.0", "@oxfmt/binding-linux-riscv64-gnu": "0.64.0", "@oxfmt/binding-linux-riscv64-musl": "0.64.0", "@oxfmt/binding-linux-s390x-gnu": "0.64.0", "@oxfmt/binding-linux-x64-gnu": "0.64.0", "@oxfmt/binding-linux-x64-musl": "0.64.0", "@oxfmt/binding-openharmony-arm64": "0.64.0", "@oxfmt/binding-win32-arm64-msvc": "0.64.0", "@oxfmt/binding-win32-ia32-msvc": "0.64.0", "@oxfmt/binding-win32-x64-msvc": "0.64.0" }, "peerDependencies": { "svelte": "^5.0.0", "vite-plus": "*" }, "optionalPeers": ["svelte", "vite-plus"], "bin": { "oxfmt": "bin/oxfmt" } }, "sha512-XZ4GFBN/PLbXKq+0zrgpQfPKYuJlUuj+nzZJY7UpIbFMNyefNLCdN9EwViycNqnYcv0wrn0jXcQLlqJp8RCKBg=="],

    "tinypool": ["tinypool@2.1.0", "", {}, "sha512-Pugqs6M0m7Lv1I7FtxN4aoyToKg1C4tu+/381vH35y8oENM/Ai7f7C4StcoK4/+BSw9ebcS8jRiVrORFKCALLw=="],

    "undici-types": ["undici-types@8.3.0", "", {}, "sha512-j375ScV60dom+YkPFIfTLcOiPxkN/buHz5GobjLhixFuANaNs3C9l4GmrWqejgXWJ7BbJcFYpTEUkS1Ge8bpZQ=="],
  }
}
